
Microsoft Visual Studio Solution File, Format Version 12.00
# Visual Studio 15
VisualStudioVersion = 15.0.26430.4
MinimumVisualStudioVersion = 10.0.40219.1
Project("{FAE04EC0-301F-11D3-BF4B-00C04F79EFBC}") = "ConsoleApp2", "ConsoleApp2\ConsoleApp2.csproj", "{D30938E2-649E-47D7-ABB6-AF267F3BE9E3}"
EndProject
Project("{FAE04EC0-301F-11D3-BF4B-00C04F79EFBC}") = "MySqlRepository", "MySqlRepository\MySqlRepository.csproj", "{D727150A-B948-4680-88D4-22F12C7D7339}"
EndProject
Project("{FAE04EC0-301F-11D3-BF4B-00C04F79EFBC}") = "WebApplication", "WebApplication\WebApplication.csproj", "{5C1BF433-626D-4E7E-9488-32B91B5781EC}"
EndProject
Global
	GlobalSection(SolutionConfigurationPlatforms) = preSolution
		Debug|Any CPU = Debug|Any CPU
		Release|Any CPU = Release|Any CPU
	EndGlobalSection
	GlobalSection(ProjectConfigurationPlatforms) = postSolution
		{D30938E2-649E-47D7-ABB6-AF267F3BE9E3}.Debug|Any CPU.ActiveCfg = Debug|Any CPU
		{D30938E2-649E-47D7-ABB6-AF267F3BE9E3}.Debug|Any CPU.Build.0 = Debug|Any CPU
		{D30938E2-649E-47D7-ABB6-AF267F3BE9E3}.Release|Any CPU.ActiveCfg = Release|Any CPU
		{D30938E2-649E-47D7-ABB6-AF267F3BE9E3}.Release|Any CPU.Build.0 = Release|Any CPU
		{D727150A-B948-4680-88D4-22F12C7D7339}.Debug|Any CPU.ActiveCfg = Debug|Any CPU
		{D727150A-B948-4680-88D4-22F12C7D7339}.Debug|Any CPU.Build.0 = Debug|Any CPU
		{D727150A-B948-4680-88D4-22F12C7D7339}.Release|Any CPU.ActiveCfg = Release|Any CPU
		{D727150A-B948-4680-88D4-22F12C7D7339}.Release|Any CPU.Build.0 = Release|Any CPU
		{5C1BF433-626D-4E7E-9488-32B91B5781EC}.Debug|Any CPU.ActiveCfg = Debug|Any CPU
		{5C1BF433-626D-4E7E-9488-32B91B5781EC}.Debug|Any CPU.Build.0 = Debug|Any CPU
		{5C1BF433-626D-4E7E-9488-32B91B5781EC}.Release|Any CPU.ActiveCfg = Release|Any CPU
		{5C1BF433-626D-4E7E-9488-32B91B5781EC}.Release|Any CPU.Build.0 = Release|Any CPU
	EndGlobalSection
	GlobalSection(SolutionProperties) = preSolution
		HideSolutionNode = FALSE
	EndGlobalSection
EndGlobal
